
Microsoft Visual Studio Solution File, Format Version 12.00
# Visual Studio 15
VisualStudioVersion = 15.0.27130.2010
MinimumVisualStudioVersion = 10.0.40219.1
Project("{FAE04EC0-301F-11D3-BF4B-00C04F79EFBC}") = "ProjetoPI_MVC", "ProjetoPI_MVC\ProjetoPI_MVC.csproj", "{6117A9F6-28DB-4D10-8DD1-6A7B29B1F22F}"
EndProject
Global
	GlobalSection(SolutionConfigurationPlatforms) = preSolution
		Debug|Any CPU = Debug|Any CPU
		Release|Any CPU = Release|Any CPU
	EndGlobalSection
	GlobalSection(ProjectConfigurationPlatforms) = postSolution
		{6117A9F6-28DB-4D10-8DD1-6A7B29B1F22F}.Debug|Any CPU.ActiveCfg = Debug|Any CPU
		{6117A9F6-28DB-4D10-8DD1-6A7B29B1F22F}.Debug|Any CPU.Build.0 = Debug|Any CPU
		{6117A9F6-28DB-4D10-8DD1-6A7B29B1F22F}.Release|Any CPU.ActiveCfg = Release|Any CPU
		{6117A9F6-28DB-4D10-8DD1-6A7B29B1F22F}.Release|Any CPU.Build.0 = Release|Any CPU
	EndGlobalSection
	GlobalSection(SolutionProperties) = preSolution
		HideSolutionNode = FALSE
	EndGlobalSection
	GlobalSection(ExtensibilityGlobals) = postSolution
		SolutionGuid = {3FD5CE15-97B4-4B99-9E22-1A8497DC5EA4}
	EndGlobalSection
EndGlobal
